schema: '2.0'
stages:
  preprocess:
    cmd: python preprocess.py
    deps:
    - path: data/Summary_of_Weather.csv
      hash: md5
      md5: a8c271fffd4d2c93a5fad2e7461fbd93
      size: 8592434
    outs:
    - path: processed_data.csv
      hash: md5
      md5: 0bb4e6f06f83e2901fcc0bade6e5dcab
      size: 5786773
  train:
    cmd: python train.py
    deps:
    - path: processed_data.csv
      hash: md5
      md5: 0bb4e6f06f83e2901fcc0bade6e5dcab
      size: 5786773
    outs:
    - path: linear_regression_model.pkl
      hash: md5
      md5: 7f5f67a8700c51ae328b1d9f3003b8ce
      size: 721
  evaluate:
    cmd: python evaluate.py
    deps:
    - path: linear_regression_model.pkl
      hash: md5
      md5: 7f5f67a8700c51ae328b1d9f3003b8ce
      size: 721
    - path: processed_data.csv
      hash: md5
      md5: 0bb4e6f06f83e2901fcc0bade6e5dcab
      size: 5786773
    outs:
    - path: metrics.json
      hash: md5
      md5: 976568bb7ff43fd23e2a5803190009e9
      size: 74
