schema: '2.0'
stages:
  preprocess:
    cmd: python preprocess.py
    deps:
    - path: data/Summary_of_Weather.csv
      hash: md5
      md5: a8c271fffd4d2c93a5fad2e7461fbd93
      size: 8592434
    outs:
    - path: processed_data.csv
      hash: md5
      md5: 400845c528d8ceb5d16a5e844b891037
      size: 5451305
  train:
    cmd: python train.py
    deps:
    - path: processed_data.csv
      hash: md5
      md5: 400845c528d8ceb5d16a5e844b891037
      size: 5451305
    outs:
    - path: linear_regression_model.pkl
      hash: md5
      md5: ed202a5083f4c2d0a50188924f2f32b3
      size: 1065
  evaluate:
    cmd: python evaluate.py
    deps:
    - path: linear_regression_model.pkl
      hash: md5
      md5: ed202a5083f4c2d0a50188924f2f32b3
      size: 1065
    - path: processed_data.csv
      hash: md5
      md5: 400845c528d8ceb5d16a5e844b891037
      size: 5451305
    outs:
    - path: metrics.json
      hash: md5
      md5: 0d874b4900bf174d337736a526538486
      size: 76
